<?xml version="1.0" encoding="utf-8"?>
<Project ToolsVersion="4.0" xmlns="http://schemas.microsoft.com/developer/msbuild/2003">
  <ItemGroup>
    <Filter Include="Source Files">
      <UniqueIdentifier>{4FC737F1-C7A5-4376-A066-2A32D752A2FF}</UniqueIdentifier>
      <Extensions>cpp;c;cc;cxx;c++;cppm;ixx;def;odl;idl;hpj;bat;asm;asmx</Extensions>
    </Filter>
    <Filter Include="Header Files">
      <UniqueIdentifier>{93995380-89BD-4b04-88EB-625FBE52EBFB}</UniqueIdentifier>
      <Extensions>h;hh;hpp;hxx;h++;hm;inl;inc;ipp;xsd</Extensions>
    </Filter>
    <Filter Include="Resource Files">
      <UniqueIdentifier>{67DA6AB6-F800-4c08-8B7A-83BB121AAD01}</UniqueIdentifier>
      <Extensions>rc;ico;cur;bmp;dlg;rc2;rct;bin;rgs;gif;jpg;jpeg;jpe;resx;tiff;tif;png;wav;mfcribbon-ms</Extensions>
    </Filter>
  </ItemGroup>
  <ItemGroup>
    <ClCompile Include="src\resource\shadermanager.cpp">
      <Filter>Source Files</Filter>
    </ClCompile>
    <ClCompile Include="src\resource\texturemanager.cpp">
      <Filter>Source Files</Filter>
    </ClCompile>
    <ClCompile Include="src\main.cpp">
      <Filter>Source Files</Filter>
    </ClCompile>
  </ItemGroup>
  <ItemGroup>
    <ClInclude Include="src\resource\resourcestate.hpp">
      <Filter>Header Files</Filter>
    </ClInclude>
    <ClInclude Include="src\resource\shadermanager.hpp">
      <Filter>Header Files</Filter>
    </ClInclude>
    <ClInclude Include="src\resource\texturemanager.hpp">
      <Filter>Header Files</Filter>
    </ClInclude>
    <ClInclude Include="src\render\render.hpp">
      <Filter>Header Files</Filter>
    </ClInclude>
    <ClInclude Include="src\gamestate.hpp">
      <Filter>Header Files</Filter>
    </ClInclude>
    <ClInclude Include="src\resource\audiomanager.hpp">
      <Filter>Header Files</Filter>
    </ClInclude>
    <ClInclude Include="resource.h">
      <Filter>Header Files</Filter>
    </ClInclude>
  </ItemGroup>
  <ItemGroup>
    <None Include="resources\shaders\sprite.vs" />
    <None Include="resources\shaders\sprite.fs" />
    <None Include="resources\sprites.json" />
    <None Include="resources\shaders\post.fs" />
    <None Include="resources\shaders\post.vs" />
    <None Include="resources\sounds.json" />
    <None Include="README.md" />
  </ItemGroup>
  <ItemGroup>
    <Image Include="resources\textures\endorsement.png">
      <Filter>Resource Files</Filter>
    </Image>
    <Image Include="resources\textures\intro.png">
      <Filter>Resource Files</Filter>
    </Image>
    <Image Include="resources\textures\truck_frame_0.png">
      <Filter>Resource Files</Filter>
    </Image>
    <Image Include="resources\textures\truck_frame_1.png">
      <Filter>Resource Files</Filter>
    </Image>
    <Image Include="resources\textures\ground.png">
      <Filter>Resource Files</Filter>
    </Image>
    <Image Include="resources\textures\credits.png">
      <Filter>Resource Files</Filter>
    </Image>
    <Image Include="resources\textures\console.png">
      <Filter>Resource Files</Filter>
    </Image>
    <Image Include="resources\textures\cartridge.png">
      <Filter>Resource Files</Filter>
    </Image>
    <Image Include="resources\textures\lamp_on_table.png">
      <Filter>Resource Files</Filter>
    </Image>
    <Image Include="resources\textures\silly.png">
      <Filter>Resource Files</Filter>
    </Image>
    <Image Include="resources\textures\tv_on_table.png">
      <Filter>Resource Files</Filter>
    </Image>
    <Image Include="icon.ico">
      <Filter>Resource Files</Filter>
    </Image>
    <Image Include="resources\textures\bg.png">
      <Filter>Resource Files</Filter>
    </Image>
    <Image Include="resources\textures\game_over.png">
      <Filter>Resource Files</Filter>
    </Image>
    <Image Include="resources\textures\game_over_txt.png">
      <Filter>Resource Files</Filter>
    </Image>
    <Image Include="resources\textures\instructions.png">
      <Filter>Resource Files</Filter>
    </Image>
  </ItemGroup>
  <ItemGroup>
    <Media Include="resources\sounds\accelerate.mp3" />
    <Media Include="resources\sounds\decelerate.mp3" />
    <Media Include="resources\sounds\idle_loop.mp3" />
    <Media Include="resources\sounds\redline_loop.mp3" />
    <Media Include="resources\sounds\bgm.wav">
      <Filter>Resource Files</Filter>
    </Media>
    <Media Include="resources\sounds\goyttttaagoottaage_loopable.mp3" />
    <Media Include="resources\sounds\limiter.mp3" />
    <Media Include="resources\sounds\real_v8.mp3" />
    <Media Include="resources\sounds\OH_NO.mp3" />
  </ItemGroup>
  <ItemGroup>
    <ResourceCompile Include="Wacky Retro 16.rc">
      <Filter>Resource Files</Filter>
    </ResourceCompile>
  </ItemGroup>
</Project>